{
  "name": "devshield-saas",
  "lockfileVersion": 3,
  "requires": true,
  "packages": {
    "": {
      "dependencies": {
        "devshield-sdk": "^1.0.0"
      }
    },
    "node_modules/devshield-sdk": {
      "version": "1.0.0",
      "resolved": "https://registry.npmjs.org/devshield-sdk/-/devshield-sdk-1.0.0.tgz",
      "integrity": "sha512-3aEnUVmejFcoZtxa3wfsIVduamH87NsNRfQXwX445Qd7hmf+w1NnHPsh2Ch6RZSlXGuLFGDgxXR5qUUQ8GpOLw==",
      "license": "MIT"
    }
  }
}
